
Microsoft Visual Studio Solution File, Format Version 12.00
# Visual Studio 15
VisualStudioVersion = 15.0.28307.168
MinimumVisualStudioVersion = 10.0.40219.1
Project("{FAE04EC0-301F-11D3-BF4B-00C04F79EFBC}") = "GenericsApp", "GenericsApp\GenericsApp.csproj", "{1C62162E-9E78-4EE7-99D3-0C5FB2971AAF}"
EndProject
Project("{FAE04EC0-301F-11D3-BF4B-00C04F79EFBC}") = "Problem01.SingleLinkedList", "Problem01.SingleLinkedList\Problem01.SingleLinkedList.csproj", "{3B67CF29-E046-4068-A2CB-ACE8CB445A9B}"
EndProject
Project("{FAE04EC0-301F-11D3-BF4B-00C04F79EFBC}") = "Problem02.Permutations", "Problem02.Permutations\Problem02.Permutations.csproj", "{133414D2-6A12-4F26-A3BC-B913ADC9B951}"
EndProject
Project("{FAE04EC0-301F-11D3-BF4B-00C04F79EFBC}") = "Problem07.CentsRepresentation", "Problem07.CentsRepresentation\Problem07.CentsRepresentation.csproj", "{94AE3862-E292-4ACC-8F40-9EB5084E364E}"
EndProject
Global
	GlobalSection(SolutionConfigurationPlatforms) = preSolution
		Debug|Any CPU = Debug|Any CPU
		Release|Any CPU = Release|Any CPU
	EndGlobalSection
	GlobalSection(ProjectConfigurationPlatforms) = postSolution
		{1C62162E-9E78-4EE7-99D3-0C5FB2971AAF}.Debug|Any CPU.ActiveCfg = Debug|Any CPU
		{1C62162E-9E78-4EE7-99D3-0C5FB2971AAF}.Debug|Any CPU.Build.0 = Debug|Any CPU
		{1C62162E-9E78-4EE7-99D3-0C5FB2971AAF}.Release|Any CPU.ActiveCfg = Release|Any CPU
		{1C62162E-9E78-4EE7-99D3-0C5FB2971AAF}.Release|Any CPU.Build.0 = Release|Any CPU
		{3B67CF29-E046-4068-A2CB-ACE8CB445A9B}.Debug|Any CPU.ActiveCfg = Debug|Any CPU
		{3B67CF29-E046-4068-A2CB-ACE8CB445A9B}.Debug|Any CPU.Build.0 = Debug|Any CPU
		{3B67CF29-E046-4068-A2CB-ACE8CB445A9B}.Release|Any CPU.ActiveCfg = Release|Any CPU
		{3B67CF29-E046-4068-A2CB-ACE8CB445A9B}.Release|Any CPU.Build.0 = Release|Any CPU
		{133414D2-6A12-4F26-A3BC-B913ADC9B951}.Debug|Any CPU.ActiveCfg = Debug|Any CPU
		{133414D2-6A12-4F26-A3BC-B913ADC9B951}.Debug|Any CPU.Build.0 = Debug|Any CPU
		{133414D2-6A12-4F26-A3BC-B913ADC9B951}.Release|Any CPU.ActiveCfg = Release|Any CPU
		{133414D2-6A12-4F26-A3BC-B913ADC9B951}.Release|Any CPU.Build.0 = Release|Any CPU
		{94AE3862-E292-4ACC-8F40-9EB5084E364E}.Debug|Any CPU.ActiveCfg = Debug|Any CPU
		{94AE3862-E292-4ACC-8F40-9EB5084E364E}.Debug|Any CPU.Build.0 = Debug|Any CPU
		{94AE3862-E292-4ACC-8F40-9EB5084E364E}.Release|Any CPU.ActiveCfg = Release|Any CPU
		{94AE3862-E292-4ACC-8F40-9EB5084E364E}.Release|Any CPU.Build.0 = Release|Any CPU
	EndGlobalSection
	GlobalSection(SolutionProperties) = preSolution
		HideSolutionNode = FALSE
	EndGlobalSection
	GlobalSection(ExtensibilityGlobals) = postSolution
		SolutionGuid = {09D18558-56FA-4CA1-8147-0E5E3CFAE394}
	EndGlobalSection
EndGlobal
